
Microsoft Visual Studio Solution File, Format Version 12.00
# Visual Studio Version 17
VisualStudioVersion = 17.0.31912.275
MinimumVisualStudioVersion = 10.0.40219.1
Project("{888888A0-9F3D-457C-B088-3A5042F75D52}") = "Create Metamodel with API", "Create Metamodel with API\Create Metamodel with API.pyproj", "{718A0482-5645-44D4-8B61-A4FE6186CD33}"
EndProject
Global
	GlobalSection(SolutionConfigurationPlatforms) = preSolution
		Debug|Any CPU = Debug|Any CPU
		Release|Any CPU = Release|Any CPU
	EndGlobalSection
	GlobalSection(ProjectConfigurationPlatforms) = postSolution
		{718A0482-5645-44D4-8B61-A4FE6186CD33}.Debug|Any CPU.ActiveCfg = Debug|Any CPU
		{718A0482-5645-44D4-8B61-A4FE6186CD33}.Release|Any CPU.ActiveCfg = Release|Any CPU
	EndGlobalSection
	GlobalSection(SolutionProperties) = preSolution
		HideSolutionNode = FALSE
	EndGlobalSection
	GlobalSection(ExtensibilityGlobals) = postSolution
		SolutionGuid = {DFC72914-3EF7-40E3-8193-FD59A053D1E5}
	EndGlobalSection
EndGlobal
